
Microsoft Visual Studio Solution File, Format Version 12.00
# Visual Studio 2013
VisualStudioVersion = 12.0.21005.1
MinimumVisualStudioVersion = 10.0.40219.1
Project("{FAE04EC0-301F-11D3-BF4B-00C04F79EFBC}") = "Server", "Server\Server.csproj", "{803428FC-C46E-4E93-A768-80E9A4CE0F58}"
EndProject
Project("{FAE04EC0-301F-11D3-BF4B-00C04F79EFBC}") = "Client", "Client\Client.csproj", "{FFDB80B3-5F8F-4466-A93E-92821DAAA960}"
EndProject
Project("{2150E333-8FDC-42A3-9474-1A3956D46DE8}") = "Solution Items", "Solution Items", "{AC90E81C-D6BB-41CA-A7EC-59442CDB0933}"
	ProjectSection(SolutionItems) = preProject
		ClientServerCacheDocument.docx = ClientServerCacheDocument.docx
	EndProjectSection
EndProject
Project("{FAE04EC0-301F-11D3-BF4B-00C04F79EFBC}") = "TestWorkBench", "TestWorkBench\TestWorkBench.csproj", "{386D85ED-DB0D-424F-BA0D-AEBD222C8957}"
EndProject
Global
	GlobalSection(SolutionConfigurationPlatforms) = preSolution
		Debug|Any CPU = Debug|Any CPU
		Release|Any CPU = Release|Any CPU
	EndGlobalSection
	GlobalSection(ProjectConfigurationPlatforms) = postSolution
		{803428FC-C46E-4E93-A768-80E9A4CE0F58}.Debug|Any CPU.ActiveCfg = Debug|Any CPU
		{803428FC-C46E-4E93-A768-80E9A4CE0F58}.Debug|Any CPU.Build.0 = Debug|Any CPU
		{803428FC-C46E-4E93-A768-80E9A4CE0F58}.Release|Any CPU.ActiveCfg = Release|Any CPU
		{803428FC-C46E-4E93-A768-80E9A4CE0F58}.Release|Any CPU.Build.0 = Release|Any CPU
		{FFDB80B3-5F8F-4466-A93E-92821DAAA960}.Debug|Any CPU.ActiveCfg = Debug|Any CPU
		{FFDB80B3-5F8F-4466-A93E-92821DAAA960}.Debug|Any CPU.Build.0 = Debug|Any CPU
		{FFDB80B3-5F8F-4466-A93E-92821DAAA960}.Release|Any CPU.ActiveCfg = Release|Any CPU
		{FFDB80B3-5F8F-4466-A93E-92821DAAA960}.Release|Any CPU.Build.0 = Release|Any CPU
		{386D85ED-DB0D-424F-BA0D-AEBD222C8957}.Debug|Any CPU.ActiveCfg = Debug|Any CPU
		{386D85ED-DB0D-424F-BA0D-AEBD222C8957}.Debug|Any CPU.Build.0 = Debug|Any CPU
		{386D85ED-DB0D-424F-BA0D-AEBD222C8957}.Release|Any CPU.ActiveCfg = Release|Any CPU
		{386D85ED-DB0D-424F-BA0D-AEBD222C8957}.Release|Any CPU.Build.0 = Release|Any CPU
	EndGlobalSection
	GlobalSection(SolutionProperties) = preSolution
		HideSolutionNode = FALSE
	EndGlobalSection
EndGlobal
